
Microsoft Visual Studio Solution File, Format Version 12.00
# Visual Studio Version 17
VisualStudioVersion = 17.5.002.0
MinimumVisualStudioVersion = 10.0.40219.1
Project("{9A19103F-16F7-4668-BE54-9A1E7A4F7556}") = "CLOCKSYNC", "CLOCKSYNC.csproj", "{0270D226-274B-4215-A95A-6CB80FE4E845}"
EndProject
Global
	GlobalSection(SolutionConfigurationPlatforms) = preSolution
		Debug|Any CPU = Debug|Any CPU
		Release|Any CPU = Release|Any CPU
	EndGlobalSection
	GlobalSection(ProjectConfigurationPlatforms) = postSolution
		{0270D226-274B-4215-A95A-6CB80FE4E845}.Debug|Any CPU.ActiveCfg = Debug|Any CPU
		{0270D226-274B-4215-A95A-6CB80FE4E845}.Debug|Any CPU.Build.0 = Debug|Any CPU
		{0270D226-274B-4215-A95A-6CB80FE4E845}.Release|Any CPU.ActiveCfg = Release|Any CPU
		{0270D226-274B-4215-A95A-6CB80FE4E845}.Release|Any CPU.Build.0 = Release|Any CPU
	EndGlobalSection
	GlobalSection(SolutionProperties) = preSolution
		HideSolutionNode = FALSE
	EndGlobalSection
	GlobalSection(ExtensibilityGlobals) = postSolution
		SolutionGuid = {70E32DE1-3D84-498A-BF36-5A5E2EBDBCAC}
	EndGlobalSection
EndGlobal
