
Microsoft Visual Studio Solution File, Format Version 12.00
# Visual Studio Version 17
VisualStudioVersion = 17.5.002.0
MinimumVisualStudioVersion = 10.0.40219.1
Project("{9A19103F-16F7-4668-BE54-9A1E7A4F7556}") = "Picnic", "Picnic.csproj", "{74F3D154-E9ED-4F2B-A3D4-3F9A50D9F1F5}"
EndProject
Global
	GlobalSection(SolutionConfigurationPlatforms) = preSolution
		Debug|Any CPU = Debug|Any CPU
		Release|Any CPU = Release|Any CPU
	EndGlobalSection
	GlobalSection(ProjectConfigurationPlatforms) = postSolution
		{74F3D154-E9ED-4F2B-A3D4-3F9A50D9F1F5}.Debug|Any CPU.ActiveCfg = Debug|Any CPU
		{74F3D154-E9ED-4F2B-A3D4-3F9A50D9F1F5}.Debug|Any CPU.Build.0 = Debug|Any CPU
		{74F3D154-E9ED-4F2B-A3D4-3F9A50D9F1F5}.Release|Any CPU.ActiveCfg = Release|Any CPU
		{74F3D154-E9ED-4F2B-A3D4-3F9A50D9F1F5}.Release|Any CPU.Build.0 = Release|Any CPU
	EndGlobalSection
	GlobalSection(SolutionProperties) = preSolution
		HideSolutionNode = FALSE
	EndGlobalSection
	GlobalSection(ExtensibilityGlobals) = postSolution
		SolutionGuid = {4C185B23-E2A1-4ABA-A866-01F747B3F179}
	EndGlobalSection
EndGlobal
